// !$*UTF8*$!
{
	archiveVersion = 1;
	classes = {
	};
	objectVersion = 77;
	objects = {

/* Begin PBXContainerItemProxy section */
		FAB3B99C2D8AFEE4008E05E0 /* PBXContainerItemProxy */ = {
			isa = PBXContainerItemProxy;
			containerPortal = FAB3B9832D8AFEE3008E05E0 /* Project object */;
			proxyType = 1;
			remoteGlobalIDString = FAB3B98A2D8AFEE3008E05E0;
			remoteInfo = CrossRoadwayGame;
		};
		FAB3B9A62D8AFEE4008E05E0 /* PBXContainerItemProxy */ = {
			isa = PBXContainerItemProxy;
			containerPortal = FAB3B9832D8AFEE3008E05E0 /* Project object */;
			proxyType = 1;
			remoteGlobalIDString = FAB3B98A2D8AFEE3008E05E0;
			remoteInfo = CrossRoadwayGame;
		};
/* End PBXContainerItemProxy section */

/* Begin PBXFileReference section */
		FAB3B98B2D8AFEE3008E05E0 /* CrossRoadwayGame.app */ = {isa = PBXFileReference; explicitFileType = wrapper.application; includeInIndex = 0; path = CrossRoadwayGame.app; sourceTree = BUILT_PRODUCTS_DIR; };
		FAB3B99B2D8AFEE4008E05E0 /* CrossRoadwayGameTests.xctest */ = {isa = PBXFileReference; explicitFileType = wrapper.cfbundle; includeInIndex = 0; path = CrossRoadwayGameTests.xctest; sourceTree = BUILT_PRODUCTS_DIR; };
		FAB3B9A52D8AFEE4008E05E0 /* CrossRoadwayGameUITests.xctest */ = {isa = PBXFileReference; explicitFileType = wrapper.cfbundle; includeInIndex = 0; path = CrossRoadwayGameUITests.xctest; sourceTree = BUILT_PRODUCTS_DIR; };
/* End PBXFileReference section */

/* Begin PBXFileSystemSynchronizedBuildFileExceptionSet section */
		FAB3BB3E2D8B0569008E05E0 /* Exceptions for "CrossRoadwayGame" folder in "CrossRoadwayGame" target */ = {
			isa = PBXFileSystemSynchronizedBuildFileExceptionSet;
			membershipExceptions = (
				Info.plist,
			);
			target = FAB3B98A2D8AFEE3008E05E0 /* CrossRoadwayGame */;
		};
/* End PBXFileSystemSynchronizedBuildFileExceptionSet section */

/* Begin PBXFileSystemSynchronizedRootGroup section */
		FAB3B98D2D8AFEE3008E05E0 /* CrossRoadwayGame */ = {
			isa = PBXFileSystemSynchronizedRootGroup;
			exceptions = (
				FAB3BB3E2D8B0569008E05E0 /* Exceptions for "CrossRoadwayGame" folder in "CrossRoadwayGame" target */,
			);
			path = CrossRoadwayGame;
			sourceTree = "<group>";
		};
		FAB3B99E2D8AFEE4008E05E0 /* CrossRoadwayGameTests */ = {
			isa = PBXFileSystemSynchronizedRootGroup;
			path = CrossRoadwayGameTests;
			sourceTree = "<group>";
		};
		FAB3B9A82D8AFEE4008E05E0 /* CrossRoadwayGameUITests */ = {
			isa = PBXFileSystemSynchronizedRootGroup;
			path = CrossRoadwayGameUITests;
			sourceTree = "<group>";
		};
/* End PBXFileSystemSynchronizedRootGroup section */

/* Begin PBXFrameworksBuildPhase section */
		FAB3B9882D8AFEE3008E05E0 /* Frameworks */ = {
			isa = PBXFrameworksBuildPhase;
			buildActionMask = 2147483647;
			files = (
			);
			runOnlyForDeploymentPostprocessing = 0;
		};
		FAB3B9982D8AFEE4008E05E0 /* Frameworks */ = {
			isa = PBXFrameworksBuildPhase;
			buildActionMask = 2147483647;
			files = (
			);
			runOnlyForDeploymentPostprocessing = 0;
		};
		FAB3B9A22D8AFEE4008E05E0 /* Frameworks */ = {
			isa = PBXFrameworksBuildPhase;
			buildActionMask = 2147483647;
			files = (
			);
			runOnlyForDeploymentPostprocessing = 0;
		};
/* End PBXFrameworksBuildPhase section */

/* Begin PBXGroup section */
		FAB3B9822D8AFEE3008E05E0 = {
			isa = PBXGroup;
			children = (
				FAB3B98D2D8AFEE3008E05E0 /* CrossRoadwayGame */,
				FAB3B99E2D8AFEE4008E05E0 /* CrossRoadwayGameTests */,
				FAB3B9A82D8AFEE4008E05E0 /* CrossRoadwayGameUITests */,
				FAB3B98C2D8AFEE3008E05E0 /* Products */,
			);
			sourceTree = "<group>";
		};
		FAB3B98C2D8AFEE3008E05E0 /* Products */ = {
			isa = PBXGroup;
			children = (
				FAB3B98B2D8AFEE3008E05E0 /* CrossRoadwayGame.app */,
				FAB3B99B2D8AFEE4008E05E0 /* CrossRoadwayGameTests.xctest */,
				FAB3B9A52D8AFEE4008E05E0 /* CrossRoadwayGameUITests.xctest */,
			);
			name = Products;
			sourceTree = "<group>";
		};
/* End PBXGroup section */

/* Begin PBXNativeTarget section */
		FAB3B98A2D8AFEE3008E05E0 /* CrossRoadwayGame */ = {
			isa = PBXNativeTarget;
			buildConfigurationList = FAB3B9AF2D8AFEE4008E05E0 /* Build configuration list for PBXNativeTarget "CrossRoadwayGame" */;
			buildPhases = (
				FAB3B9872D8AFEE3008E05E0 /* Sources */,
				FAB3B9882D8AFEE3008E05E0 /* Frameworks */,
				FAB3B9892D8AFEE3008E05E0 /* Resources */,
			);
			buildRules = (
			);
			dependencies = (
			);
			fileSystemSynchronizedGroups = (
				FAB3B98D2D8AFEE3008E05E0 /* CrossRoadwayGame */,
			);
			name = CrossRoadwayGame;
			packageProductDependencies = (
			);
			productName = CrossRoadwayGame;
			productReference = FAB3B98B2D8AFEE3008E05E0 /* CrossRoadwayGame.app */;
			productType = "com.apple.product-type.application";
		};
		FAB3B99A2D8AFEE4008E05E0 /* CrossRoadwayGameTests */ = {
			isa = PBXNativeTarget;
			buildConfigurationList = FAB3B9B22D8AFEE4008E05E0 /* Build configuration list for PBXNativeTarget "CrossRoadwayGameTests" */;
			buildPhases = (
				FAB3B9972D8AFEE4008E05E0 /* Sources */,
				FAB3B9982D8AFEE4008E05E0 /* Frameworks */,
				FAB3B9992D8AFEE4008E05E0 /* Resources */,
			);
			buildRules = (
			);
			dependencies = (
				FAB3B99D2D8AFEE4008E05E0 /* PBXTargetDependency */,
			);
			fileSystemSynchronizedGroups = (
				FAB3B99E2D8AFEE4008E05E0 /* CrossRoadwayGameTests */,
			);
			name = CrossRoadwayGameTests;
			packageProductDependencies = (
			);
			productName = CrossRoadwayGameTests;
			productReference = FAB3B99B2D8AFEE4008E05E0 /* CrossRoadwayGameTests.xctest */;
			productType = "com.apple.product-type.bundle.unit-test";
		};
		FAB3B9A42D8AFEE4008E05E0 /* CrossRoadwayGameUITests */ = {
			isa = PBXNativeTarget;
			buildConfigurationList = FAB3B9B52D8AFEE4008E05E0 /* Build configuration list for PBXNativeTarget "CrossRoadwayGameUITests" */;
			buildPhases = (
				FAB3B9A12D8AFEE4008E05E0 /* Sources */,
				FAB3B9A22D8AFEE4008E05E0 /* Frameworks */,
				FAB3B9A32D8AFEE4008E05E0 /* Resources */,
			);
			buildRules = (
			);
			dependencies = (
				FAB3B9A72D8AFEE4008E05E0 /* PBXTargetDependency */,
			);
			fileSystemSynchronizedGroups = (
				FAB3B9A82D8AFEE4008E05E0 /* CrossRoadwayGameUITests */,
			);
			name = CrossRoadwayGameUITests;
			packageProductDependencies = (
			);
			productName = CrossRoadwayGameUITests;
			productReference = FAB3B9A52D8AFEE4008E05E0 /* CrossRoadwayGameUITests.xctest */;
			productType = "com.apple.product-type.bundle.ui-testing";
		};
/* End PBXNativeTarget section */

/* Begin PBXProject section */
		FAB3B9832D8AFEE3008E05E0 /* Project object */ = {
			isa = PBXProject;
			attributes = {
				BuildIndependentTargetsInParallel = 1;
				LastSwiftUpdateCheck = 1620;
				LastUpgradeCheck = 1620;
				TargetAttributes = {
					FAB3B98A2D8AFEE3008E05E0 = {
						CreatedOnToolsVersion = 16.2;
					};
					FAB3B99A2D8AFEE4008E05E0 = {
						CreatedOnToolsVersion = 16.2;
						TestTargetID = FAB3B98A2D8AFEE3008E05E0;
					};
					FAB3B9A42D8AFEE4008E05E0 = {
						CreatedOnToolsVersion = 16.2;
						TestTargetID = FAB3B98A2D8AFEE3008E05E0;
					};
				};
			};
			buildConfigurationList = FAB3B9862D8AFEE3008E05E0 /* Build configuration list for PBXProject "CrossRoadwayGame" */;
			developmentRegion = en;
			hasScannedForEncodings = 0;
			knownRegions = (
				en,
				Base,
			);
			mainGroup = FAB3B9822D8AFEE3008E05E0;
			minimizedProjectReferenceProxies = 1;
			preferredProjectObjectVersion = 77;
			productRefGroup = FAB3B98C2D8AFEE3008E05E0 /* Products */;
			projectDirPath = "";
			projectRoot = "";
			targets = (
				FAB3B98A2D8AFEE3008E05E0 /* CrossRoadwayGame */,
				FAB3B99A2D8AFEE4008E05E0 /* CrossRoadwayGameTests */,
				FAB3B9A42D8AFEE4008E05E0 /* CrossRoadwayGameUITests */,
			);
		};
/* End PBXProject section */

/* Begin PBXResourcesBuildPhase section */
		FAB3B9892D8AFEE3008E05E0 /* Resources */ = {
			isa = PBXResourcesBuildPhase;
			buildActionMask = 2147483647;
			files = (
			);
			runOnlyForDeploymentPostprocessing = 0;
		};
		FAB3B9992D8AFEE4008E05E0 /* Resources */ = {
			isa = PBXResourcesBuildPhase;
			buildActionMask = 2147483647;
			files = (
			);
			runOnlyForDeploymentPostprocessing = 0;
		};
		FAB3B9A32D8AFEE4008E05E0 /* Resources */ = {
			isa = PBXResourcesBuildPhase;
			buildActionMask = 2147483647;
			files = (
			);
			runOnlyForDeploymentPostprocessing = 0;
		};
/* End PBXResourcesBuildPhase section */

/* Begin PBXSourcesBuildPhase section */
		FAB3B9872D8AFEE3008E05E0 /* Sources */ = {
			isa = PBXSourcesBuildPhase;
			buildActionMask = 2147483647;
			files = (
			);
			runOnlyForDeploymentPostprocessing = 0;
		};
		FAB3B9972D8AFEE4008E05E0 /* Sources */ = {
			isa = PBXSourcesBuildPhase;
			buildActionMask = 2147483647;
			files = (
			);
			runOnlyForDeploymentPostprocessing = 0;
		};
		FAB3B9A12D8AFEE4008E05E0 /* Sources */ = {
			isa = PBXSourcesBuildPhase;
			buildActionMask = 2147483647;
			files = (
			);
			runOnlyForDeploymentPostprocessing = 0;
		};
/* End PBXSourcesBuildPhase section */

/* Begin PBXTargetDependency section */
		FAB3B99D2D8AFEE4008E05E0 /* PBXTargetDependency */ = {
			isa = PBXTargetDependency;
			target = FAB3B98A2D8AFEE3008E05E0 /* CrossRoadwayGame */;
			targetProxy = FAB3B99C2D8AFEE4008E05E0 /* PBXContainerItemProxy */;
		};
		FAB3B9A72D8AFEE4008E05E0 /* PBXTargetDependency */ = {
			isa = PBXTargetDependency;
			target = FAB3B98A2D8AFEE3008E05E0 /* CrossRoadwayGame */;
			targetProxy = FAB3B9A62D8AFEE4008E05E0 /* PBXContainerItemProxy */;
		};
/* End PBXTargetDependency section */

/* Begin XCBuildConfiguration section */
		FAB3B9AD2D8AFEE4008E05E0 /* Debug */ = {
			isa = XCBuildConfiguration;
			buildSettings = {
				ALWAYS_SEARCH_USER_PATHS = NO;
				ASSETCATALOG_COMPILER_GENERATE_SWIFT_ASSET_SYMBOL_EXTENSIONS = YES;
				CLANG_ANALYZER_NONNULL = YES;
				CLANG_ANALYZER_NUMBER_OBJECT_CONVERSION = YES_AGGRESSIVE;
				CLANG_CXX_LANGUAGE_STANDARD = "gnu++20";
				CLANG_ENABLE_MODULES = YES;
				CLANG_ENABLE_OBJC_ARC = YES;
				CLANG_ENABLE_OBJC_WEAK = YES;
				CLANG_WARN_BLOCK_CAPTURE_AUTORELEASING = YES;
				CLANG_WARN_BOOL_CONVERSION = YES;
				CLANG_WARN_COMMA = YES;
				CLANG_WARN_CONSTANT_CONVERSION = YES;
				CLANG_WARN_DEPRECATED_OBJC_IMPLEMENTATIONS = YES;
				CLANG_WARN_DIRECT_OBJC_ISA_USAGE = YES_ERROR;
				CLANG_WARN_DOCUMENTATION_COMMENTS = YES;
				CLANG_WARN_EMPTY_BODY = YES;
				CLANG_WARN_ENUM_CONVERSION = YES;
				CLANG_WARN_INFINITE_RECURSION = YES;
				CLANG_WARN_INT_CONVERSION = YES;
				CLANG_WARN_NON_LITERAL_NULL_CONVERSION = YES;
				CLANG_WARN_OBJC_IMPLICIT_RETAIN_SELF = YES;
				CLANG_WARN_OBJC_LITERAL_CONVERSION = YES;
				CLANG_WARN_OBJC_ROOT_CLASS = YES_ERROR;
				CLANG_WARN_QUOTED_INCLUDE_IN_FRAMEWORK_HEADER = YES;
				CLANG_WARN_RANGE_LOOP_ANALYSIS = YES;
				CLANG_WARN_STRICT_PROTOTYPES = YES;
				CLANG_WARN_SUSPICIOUS_MOVE = YES;
				CLANG_WARN_UNGUARDED_AVAILABILITY = YES_AGGRESSIVE;
				CLANG_WARN_UNREACHABLE_CODE = YES;
				CLANG_WARN__DUPLICATE_METHOD_MATCH = YES;
				COPY_PHASE_STRIP = NO;
				DEBUG_INFORMATION_FORMAT = dwarf;
				ENABLE_STRICT_OBJC_MSGSEND = YES;
				ENABLE_TESTABILITY = YES;
				ENABLE_USER_SCRIPT_SANDBOXING = YES;
				GCC_C_LANGUAGE_STANDARD = gnu17;
				GCC_DYNAMIC_NO_PIC = NO;
				GCC_NO_COMMON_BLOCKS = YES;
				GCC_OPTIMIZATION_LEVEL = 0;
				GCC_PREPROCESSOR_DEFINITIONS = (
					"DEBUG=1",
					"$(inherited)",
				);
				GCC_WARN_64_TO_32_BIT_CONVERSION = YES;
				GCC_WARN_ABOUT_RETURN_TYPE = YES_ERROR;
				GCC_WARN_UNDECLARED_SELECTOR = YES;
				GCC_WARN_UNINITIALIZED_AUTOS = YES_AGGRESSIVE;
				GCC_WARN_UNUSED_FUNCTION = YES;
				GCC_WARN_UNUSED_VARIABLE = YES;
				IPHONEOS_DEPLOYMENT_TARGET = 18.2;
				LOCALIZATION_PREFERS_STRING_CATALOGS = YES;
				MTL_ENABLE_DEBUG_INFO = INCLUDE_SOURCE;
				MTL_FAST_MATH = YES;
				ONLY_ACTIVE_ARCH = YES;
				SDKROOT = iphoneos;
				SWIFT_ACTIVE_COMPILATION_CONDITIONS = "DEBUG $(inherited)";
				SWIFT_OPTIMIZATION_LEVEL = "-Onone";
			};
			name = Debug;
		};
		FAB3B9AE2D8AFEE4008E05E0 /* Release */ = {
			isa = XCBuildConfiguration;
			buildSettings = {
				ALWAYS_SEARCH_USER_PATHS = NO;
				ASSETCATALOG_COMPILER_GENERATE_SWIFT_ASSET_SYMBOL_EXTENSIONS = YES;
				CLANG_ANALYZER_NONNULL = YES;
				CLANG_ANALYZER_NUMBER_OBJECT_CONVERSION = YES_AGGRESSIVE;
				CLANG_CXX_LANGUAGE_STANDARD = "gnu++20";
				CLANG_ENABLE_MODULES = YES;
				CLANG_ENABLE_OBJC_ARC = YES;
				CLANG_ENABLE_OBJC_WEAK = YES;
				CLANG_WARN_BLOCK_CAPTURE_AUTORELEASING = YES;
				CLANG_WARN_BOOL_CONVERSION = YES;
				CLANG_WARN_COMMA = YES;
				CLANG_WARN_CONSTANT_CONVERSION = YES;
				CLANG_WARN_DEPRECATED_OBJC_IMPLEMENTATIONS = YES;
				CLANG_WARN_DIRECT_OBJC_ISA_USAGE = YES_ERROR;
				CLANG_WARN_DOCUMENTATION_COMMENTS = YES;
				CLANG_WARN_EMPTY_BODY = YES;
				CLANG_WARN_ENUM_CONVERSION = YES;
				CLANG_WARN_INFINITE_RECURSION = YES;
				CLANG_WARN_INT_CONVERSION = YES;
				CLANG_WARN_NON_LITERAL_NULL_CONVERSION = YES;
				CLANG_WARN_OBJC_IMPLICIT_RETAIN_SELF = YES;
				CLANG_WARN_OBJC_LITERAL_CONVERSION = YES;
				CLANG_WARN_OBJC_ROOT_CLASS = YES_ERROR;
				CLANG_WARN_QUOTED_INCLUDE_IN_FRAMEWORK_HEADER = YES;
				CLANG_WARN_RANGE_LOOP_ANALYSIS = YES;
				CLANG_WARN_STRICT_PROTOTYPES = YES;
				CLANG_WARN_SUSPICIOUS_MOVE = YES;
				CLANG_WARN_UNGUARDED_AVAILABILITY = YES_AGGRESSIVE;
				CLANG_WARN_UNREACHABLE_CODE = YES;
				CLANG_WARN__DUPLICATE_METHOD_MATCH = YES;
				COPY_PHASE_STRIP = NO;
				DEBUG_INFORMATION_FORMAT = "dwarf-with-dsym";
				ENABLE_NS_ASSERTIONS = NO;
				ENABLE_STRICT_OBJC_MSGSEND = YES;
				ENABLE_USER_SCRIPT_SANDBOXING = YES;
				GCC_C_LANGUAGE_STANDARD = gnu17;
				GCC_NO_COMMON_BLOCKS = YES;
				GCC_WARN_64_TO_32_BIT_CONVERSION = YES;
				GCC_WARN_ABOUT_RETURN_TYPE = YES_ERROR;
				GCC_WARN_UNDECLARED_SELECTOR = YES;
				GCC_WARN_UNINITIALIZED_AUTOS = YES_AGGRESSIVE;
				GCC_WARN_UNUSED_FUNCTION = YES;
				GCC_WARN_UNUSED_VARIABLE = YES;
				IPHONEOS_DEPLOYMENT_TARGET = 18.2;
				LOCALIZATION_PREFERS_STRING_CATALOGS = YES;
				MTL_ENABLE_DEBUG_INFO = NO;
				MTL_FAST_MATH = YES;
				SDKROOT = iphoneos;
				SWIFT_COMPILATION_MODE = wholemodule;
				VALIDATE_PRODUCT = YES;
			};
			name = Release;
		};
		FAB3B9B02D8AFEE4008E05E0 /* Debug */ = {
			isa = XCBuildConfiguration;
			buildSettings = {
				ASSETCATALOG_COMPILER_APPICON_NAME = AppIcon;
				ASSETCATALOG_COMPILER_GLOBAL_ACCENT_COLOR_NAME = AccentColor;
				CODE_SIGN_STYLE = Manual;
				CURRENT_PROJECT_VERSION = 1;
				DEVELOPMENT_ASSET_PATHS = "\"CrossRoadwayGame/Preview Content\"";
				DEVELOPMENT_TEAM = "";
				ENABLE_PREVIEWS = YES;
				GENERATE_INFOPLIST_FILE = YES;
				INFOPLIST_FILE = CrossRoadwayGame/Info.plist;
				INFOPLIST_KEY_CFBundleDisplayName = "Roadway Games";
				INFOPLIST_KEY_UIApplicationSceneManifest_Generation = YES;
				INFOPLIST_KEY_UIApplicationSupportsIndirectInputEvents = YES;
				INFOPLIST_KEY_UILaunchScreen_Generation = YES;
				INFOPLIST_KEY_UISupportedInterfaceOrientations_iPad = "UIInterfaceOrientationPortrait UIInterfaceOrientationPortraitUpsideDown UIInterfaceOrientationLandscapeLeft UIInterfaceOrientationLandscapeRight";
				INFOPLIST_KEY_UISupportedInterfaceOrientations_iPhone = "UIInterfaceOrientationPortrait UIInterfaceOrientationLandscapeLeft UIInterfaceOrientationLandscapeRight";
				IPHONEOS_DEPLOYMENT_TARGET = 15;
				LD_RUNPATH_SEARCH_PATHS = (
					"$(inherited)",
					"@executable_path/Frameworks",
				);
				MARKETING_VERSION = 1.1;
				PRODUCT_BUNDLE_IDENTIFIER = com.crossrdway.game;
				PRODUCT_NAME = "$(TARGET_NAME)";
				PROVISIONING_PROFILE_SPECIFIER = "";
				SUPPORTED_PLATFORMS = "iphoneos iphonesimulator";
				SUPPORTS_MACCATALYST = NO;
				SUPPORTS_MAC_DESIGNED_FOR_IPHONE_IPAD = NO;
				SUPPORTS_XR_DESIGNED_FOR_IPHONE_IPAD = NO;
				SWIFT_EMIT_LOC_STRINGS = YES;
				SWIFT_VERSION = 5.0;
				TARGETED_DEVICE_FAMILY = "1,2";
			};
			name = Debug;
		};
		FAB3B9B12D8AFEE4008E05E0 /* Release */ = {
			isa = XCBuildConfiguration;
			buildSettings = {
				ASSETCATALOG_COMPILER_APPICON_NAME = AppIcon;
				ASSETCATALOG_COMPILER_GLOBAL_ACCENT_COLOR_NAME = AccentColor;
				CODE_SIGN_STYLE = Manual;
				CURRENT_PROJECT_VERSION = 1;
				DEVELOPMENT_ASSET_PATHS = "\"CrossRoadwayGame/Preview Content\"";
				DEVELOPMENT_TEAM = "";
				ENABLE_PREVIEWS = YES;
				GENERATE_INFOPLIST_FILE = YES;
				INFOPLIST_FILE = CrossRoadwayGame/Info.plist;
				INFOPLIST_KEY_CFBundleDisplayName = "Roadway Games";
				INFOPLIST_KEY_UIApplicationSceneManifest_Generation = YES;
				INFOPLIST_KEY_UIApplicationSupportsIndirectInputEvents = YES;
				INFOPLIST_KEY_UILaunchScreen_Generation = YES;
				INFOPLIST_KEY_UISupportedInterfaceOrientations_iPad = "UIInterfaceOrientationPortrait UIInterfaceOrientationPortraitUpsideDown UIInterfaceOrientationLandscapeLeft UIInterfaceOrientationLandscapeRight";
				INFOPLIST_KEY_UISupportedInterfaceOrientations_iPhone = "UIInterfaceOrientationPortrait UIInterfaceOrientationLandscapeLeft UIInterfaceOrientationLandscapeRight";
				IPHONEOS_DEPLOYMENT_TARGET = 15;
				LD_RUNPATH_SEARCH_PATHS = (
					"$(inherited)",
					"@executable_path/Frameworks",
				);
				MARKETING_VERSION = 1.1;
				PRODUCT_BUNDLE_IDENTIFIER = com.crossrdway.game;
				PRODUCT_NAME = "$(TARGET_NAME)";
				PROVISIONING_PROFILE_SPECIFIER = "";
				SUPPORTED_PLATFORMS = "iphoneos iphonesimulator";
				SUPPORTS_MACCATALYST = NO;
				SUPPORTS_MAC_DESIGNED_FOR_IPHONE_IPAD = NO;
				SUPPORTS_XR_DESIGNED_FOR_IPHONE_IPAD = NO;
				SWIFT_EMIT_LOC_STRINGS = YES;
				SWIFT_VERSION = 5.0;
				TARGETED_DEVICE_FAMILY = "1,2";
			};
			name = Release;
		};
		FAB3B9B32D8AFEE4008E05E0 /* Debug */ = {
			isa = XCBuildConfiguration;
			buildSettings = {
				BUNDLE_LOADER = "$(TEST_HOST)";
				CODE_SIGN_STYLE = Automatic;
				CURRENT_PROJECT_VERSION = 1;
				DEVELOPMENT_TEAM = 29G2Y6GWXQ;
				GENERATE_INFOPLIST_FILE = YES;
				IPHONEOS_DEPLOYMENT_TARGET = 18.2;
				MARKETING_VERSION = 1.0;
				PRODUCT_BUNDLE_IDENTIFIER = dasdasd.CrossRoadwayGameTests;
				PRODUCT_NAME = "$(TARGET_NAME)";
				SWIFT_EMIT_LOC_STRINGS = NO;
				SWIFT_VERSION = 5.0;
				TARGETED_DEVICE_FAMILY = "1,2";
				TEST_HOST = "$(BUILT_PRODUCTS_DIR)/CrossRoadwayGame.app/$(BUNDLE_EXECUTABLE_FOLDER_PATH)/CrossRoadwayGame";
			};
			name = Debug;
		};
		FAB3B9B42D8AFEE4008E05E0 /* Release */ = {
			isa = XCBuildConfiguration;
			buildSettings = {
				BUNDLE_LOADER = "$(TEST_HOST)";
				CODE_SIGN_STYLE = Automatic;
				CURRENT_PROJECT_VERSION = 1;
				DEVELOPMENT_TEAM = 29G2Y6GWXQ;
				GENERATE_INFOPLIST_FILE = YES;
				IPHONEOS_DEPLOYMENT_TARGET = 18.2;
				MARKETING_VERSION = 1.0;
				PRODUCT_BUNDLE_IDENTIFIER = dasdasd.CrossRoadwayGameTests;
				PRODUCT_NAME = "$(TARGET_NAME)";
				SWIFT_EMIT_LOC_STRINGS = NO;
				SWIFT_VERSION = 5.0;
				TARGETED_DEVICE_FAMILY = "1,2";
				TEST_HOST = "$(BUILT_PRODUCTS_DIR)/CrossRoadwayGame.app/$(BUNDLE_EXECUTABLE_FOLDER_PATH)/CrossRoadwayGame";
			};
			name = Release;
		};
		FAB3B9B62D8AFEE4008E05E0 /* Debug */ = {
			isa = XCBuildConfiguration;
			buildSettings = {
				CODE_SIGN_STYLE = Automatic;
				CURRENT_PROJECT_VERSION = 1;
				DEVELOPMENT_TEAM = 29G2Y6GWXQ;
				GENERATE_INFOPLIST_FILE = YES;
				MARKETING_VERSION = 1.0;
				PRODUCT_BUNDLE_IDENTIFIER = dasdasd.CrossRoadwayGameUITests;
				PRODUCT_NAME = "$(TARGET_NAME)";
				SWIFT_EMIT_LOC_STRINGS = NO;
				SWIFT_VERSION = 5.0;
				TARGETED_DEVICE_FAMILY = "1,2";
				TEST_TARGET_NAME = CrossRoadwayGame;
			};
			name = Debug;
		};
		FAB3B9B72D8AFEE4008E05E0 /* Release */ = {
			isa = XCBuildConfiguration;
			buildSettings = {
				CODE_SIGN_STYLE = Automatic;
				CURRENT_PROJECT_VERSION = 1;
				DEVELOPMENT_TEAM = 29G2Y6GWXQ;
				GENERATE_INFOPLIST_FILE = YES;
				MARKETING_VERSION = 1.0;
				PRODUCT_BUNDLE_IDENTIFIER = dasdasd.CrossRoadwayGameUITests;
				PRODUCT_NAME = "$(TARGET_NAME)";
				SWIFT_EMIT_LOC_STRINGS = NO;
				SWIFT_VERSION = 5.0;
				TARGETED_DEVICE_FAMILY = "1,2";
				TEST_TARGET_NAME = CrossRoadwayGame;
			};
			name = Release;
		};
/* End XCBuildConfiguration section */

/* Begin XCConfigurationList section */
		FAB3B9862D8AFEE3008E05E0 /* Build configuration list for PBXProject "CrossRoadwayGame" */ = {
			isa = XCConfigurationList;
			buildConfigurations = (
				FAB3B9AD2D8AFEE4008E05E0 /* Debug */,
				FAB3B9AE2D8AFEE4008E05E0 /* Release */,
			);
			defaultConfigurationIsVisible = 0;
			defaultConfigurationName = Release;
		};
		FAB3B9AF2D8AFEE4008E05E0 /* Build configuration list for PBXNativeTarget "CrossRoadwayGame" */ = {
			isa = XCConfigurationList;
			buildConfigurations = (
				FAB3B9B02D8AFEE4008E05E0 /* Debug */,
				FAB3B9B12D8AFEE4008E05E0 /* Release */,
			);
			defaultConfigurationIsVisible = 0;
			defaultConfigurationName = Release;
		};
		FAB3B9B22D8AFEE4008E05E0 /* Build configuration list for PBXNativeTarget "CrossRoadwayGameTests" */ = {
			isa = XCConfigurationList;
			buildConfigurations = (
				FAB3B9B32D8AFEE4008E05E0 /* Debug */,
				FAB3B9B42D8AFEE4008E05E0 /* Release */,
			);
			defaultConfigurationIsVisible = 0;
			defaultConfigurationName = Release;
		};
		FAB3B9B52D8AFEE4008E05E0 /* Build configuration list for PBXNativeTarget "CrossRoadwayGameUITests" */ = {
			isa = XCConfigurationList;
			buildConfigurations = (
				FAB3B9B62D8AFEE4008E05E0 /* Debug */,
				FAB3B9B72D8AFEE4008E05E0 /* Release */,
			);
			defaultConfigurationIsVisible = 0;
			defaultConfigurationName = Release;
		};
/* End XCConfigurationList section */
	};
	rootObject = FAB3B9832D8AFEE3008E05E0 /* Project object */;
}
